// !$*UTF8*$!
{
	archiveVersion = 1;
	classes = {
	};
	objectVersion = 46;
	objects = {

/* Begin PBXBuildFile section */
		0D32B2721558630D00598A14 /* Cocoa.framework in Frameworks */ = {isa = PBXBuildFile; fileRef = 0D32B2711558630D00598A14 /* Cocoa.framework */; };
		0D32B27C1558630D00598A14 /* InfoPlist.strings in Resources */ = {isa = PBXBuildFile; fileRef = 0D32B27A1558630D00598A14 /* InfoPlist.strings */; };
		0D5907ED15C6D722008B4D29 /* FFMRadiumUpdater.h in Headers */ = {isa = PBXBuildFile; fileRef = 0D5907EB15C6D722008B4D29 /* FFMRadiumUpdater.h */; };
		0D5907EE15C6D722008B4D29 /* FFMRadiumUpdater.m in Sources */ = {isa = PBXBuildFile; fileRef = 0D5907EC15C6D722008B4D29 /* FFMRadiumUpdater.m */; };
		0D5907F215C6D86F008B4D29 /* Radium.h in Headers */ = {isa = PBXBuildFile; fileRef = 0D5907F115C6D86F008B4D29 /* Radium.h */; };
		0D5907F315C6DA51008B4D29 /* ScriptingBridge.framework in Frameworks */ = {isa = PBXBuildFile; fileRef = 0D8E1BE91588587D0033C6DE /* ScriptingBridge.framework */; };
		0D7E2B1415589C3F00C1EA0C /* FFMJson.h in Headers */ = {isa = PBXBuildFile; fileRef = 0D7E2B1015589C3F00C1EA0C /* FFMJson.h */; };
		0D7E2B1615589C3F00C1EA0C /* FFMJson.m in Sources */ = {isa = PBXBuildFile; fileRef = 0D7E2B1115589C3F00C1EA0C /* FFMJson.m */; };
		0D7E2B1815589C3F00C1EA0C /* FFMLastFmJson.h in Headers */ = {isa = PBXBuildFile; fileRef = 0D7E2B1215589C3F00C1EA0C /* FFMLastFmJson.h */; };
		0D7E2B1A15589C3F00C1EA0C /* FFMLastFmJson.m in Sources */ = {isa = PBXBuildFile; fileRef = 0D7E2B1315589C3F00C1EA0C /* FFMLastFmJson.m */; };
		0D7E2B2215589D4100C1EA0C /* Cocoa.framework in Frameworks */ = {isa = PBXBuildFile; fileRef = 0D32B2711558630D00598A14 /* Cocoa.framework */; };
		0D7E2B2815589D4100C1EA0C /* InfoPlist.strings in Resources */ = {isa = PBXBuildFile; fileRef = 0D7E2B2615589D4100C1EA0C /* InfoPlist.strings */; };
		0D7E2B3015589D6D00C1EA0C /* FFMJson.h in Headers */ = {isa = PBXBuildFile; fileRef = 0D7E2B1015589C3F00C1EA0C /* FFMJson.h */; settings = {ATTRIBUTES = (Public, ); }; };
		0D7E2B3115589D6D00C1EA0C /* FFMJson.m in Sources */ = {isa = PBXBuildFile; fileRef = 0D7E2B1115589C3F00C1EA0C /* FFMJson.m */; };
		0D7E2B3215589D6D00C1EA0C /* FFMLastFmJson.h in Headers */ = {isa = PBXBuildFile; fileRef = 0D7E2B1215589C3F00C1EA0C /* FFMLastFmJson.h */; settings = {ATTRIBUTES = (Public, ); }; };
		0D7E2B3315589D6D00C1EA0C /* FFMLastFmJson.m in Sources */ = {isa = PBXBuildFile; fileRef = 0D7E2B1315589C3F00C1EA0C /* FFMLastFmJson.m */; };
		0D8E1BDE1588560F0033C6DE /* iTunes.h in Headers */ = {isa = PBXBuildFile; fileRef = 0D8E1BD91588560F0033C6DE /* iTunes.h */; };
		0D8E1BDF1588560F0033C6DE /* iTunes.h in Headers */ = {isa = PBXBuildFile; fileRef = 0D8E1BD91588560F0033C6DE /* iTunes.h */; };
		0D8E1BE01588560F0033C6DE /* Last.fm.h in Headers */ = {isa = PBXBuildFile; fileRef = 0D8E1BDA1588560F0033C6DE /* Last.fm.h */; };
		0D8E1BE11588560F0033C6DE /* Last.fm.h in Headers */ = {isa = PBXBuildFile; fileRef = 0D8E1BDA1588560F0033C6DE /* Last.fm.h */; };
		0D8E1BE21588560F0033C6DE /* Mog.h in Headers */ = {isa = PBXBuildFile; fileRef = 0D8E1BDB1588560F0033C6DE /* Mog.h */; };
		0D8E1BE31588560F0033C6DE /* Mog.h in Headers */ = {isa = PBXBuildFile; fileRef = 0D8E1BDB1588560F0033C6DE /* Mog.h */; };
		0D8E1BE41588560F0033C6DE /* Rdio.h in Headers */ = {isa = PBXBuildFile; fileRef = 0D8E1BDC1588560F0033C6DE /* Rdio.h */; };
		0D8E1BE51588560F0033C6DE /* Rdio.h in Headers */ = {isa = PBXBuildFile; fileRef = 0D8E1BDC1588560F0033C6DE /* Rdio.h */; };
		0D8E1BE61588560F0033C6DE /* Spotify.h in Headers */ = {isa = PBXBuildFile; fileRef = 0D8E1BDD1588560F0033C6DE /* Spotify.h */; };
		0D8E1BE71588560F0033C6DE /* Spotify.h in Headers */ = {isa = PBXBuildFile; fileRef = 0D8E1BDD1588560F0033C6DE /* Spotify.h */; };
		0D8E1BEA1588587D0033C6DE /* ScriptingBridge.framework in Frameworks */ = {isa = PBXBuildFile; fileRef = 0D8E1BE91588587D0033C6DE /* ScriptingBridge.framework */; };
		0DA9F89315613F1600A110A9 /* ASICacheDelegate.h in Headers */ = {isa = PBXBuildFile; fileRef = 0DA9F87D15613F1600A110A9 /* ASICacheDelegate.h */; };
		0DA9F89415613F1600A110A9 /* ASICacheDelegate.h in Headers */ = {isa = PBXBuildFile; fileRef = 0DA9F87D15613F1600A110A9 /* ASICacheDelegate.h */; };
		0DA9F89515613F1600A110A9 /* ASIDataCompressor.h in Headers */ = {isa = PBXBuildFile; fileRef = 0DA9F87E15613F1600A110A9 /* ASIDataCompressor.h */; };
		0DA9F89615613F1600A110A9 /* ASIDataCompressor.h in Headers */ = {isa = PBXBuildFile; fileRef = 0DA9F87E15613F1600A110A9 /* ASIDataCompressor.h */; };
		0DA9F89715613F1600A110A9 /* ASIDataCompressor.m in Sources */ = {isa = PBXBuildFile; fileRef = 0DA9F87F15613F1600A110A9 /* ASIDataCompressor.m */; settings = {COMPILER_FLAGS = "-fno-objc-arc"; }; };
		0DA9F89815613F1600A110A9 /* ASIDataCompressor.m in Sources */ = {isa = PBXBuildFile; fileRef = 0DA9F87F15613F1600A110A9 /* ASIDataCompressor.m */; settings = {COMPILER_FLAGS = "-fno-objc-arc"; }; };
		0DA9F89915613F1600A110A9 /* ASIDataDecompressor.h in Headers */ = {isa = PBXBuildFile; fileRef = 0DA9F88015613F1600A110A9 /* ASIDataDecompressor.h */; };
		0DA9F89A15613F1600A110A9 /* ASIDataDecompressor.h in Headers */ = {isa = PBXBuildFile; fileRef = 0DA9F88015613F1600A110A9 /* ASIDataDecompressor.h */; };
		0DA9F89B15613F1600A110A9 /* ASIDataDecompressor.m in Sources */ = {isa = PBXBuildFile; fileRef = 0DA9F88115613F1600A110A9 /* ASIDataDecompressor.m */; settings = {COMPILER_FLAGS = "-fno-objc-arc"; }; };
		0DA9F89C15613F1600A110A9 /* ASIDataDecompressor.m in Sources */ = {isa = PBXBuildFile; fileRef = 0DA9F88115613F1600A110A9 /* ASIDataDecompressor.m */; settings = {COMPILER_FLAGS = "-fno-objc-arc"; }; };
		0DA9F89D15613F1600A110A9 /* ASIDownloadCache.h in Headers */ = {isa = PBXBuildFile; fileRef = 0DA9F88215613F1600A110A9 /* ASIDownloadCache.h */; };
		0DA9F89E15613F1600A110A9 /* ASIDownloadCache.h in Headers */ = {isa = PBXBuildFile; fileRef = 0DA9F88215613F1600A110A9 /* ASIDownloadCache.h */; };
		0DA9F89F15613F1600A110A9 /* ASIDownloadCache.m in Sources */ = {isa = PBXBuildFile; fileRef = 0DA9F88315613F1600A110A9 /* ASIDownloadCache.m */; settings = {COMPILER_FLAGS = "-fno-objc-arc"; }; };
		0DA9F8A015613F1600A110A9 /* ASIDownloadCache.m in Sources */ = {isa = PBXBuildFile; fileRef = 0DA9F88315613F1600A110A9 /* ASIDownloadCache.m */; settings = {COMPILER_FLAGS = "-fno-objc-arc"; }; };
		0DA9F8A115613F1600A110A9 /* ASIFormDataRequest.h in Headers */ = {isa = PBXBuildFile; fileRef = 0DA9F88415613F1600A110A9 /* ASIFormDataRequest.h */; };
		0DA9F8A215613F1600A110A9 /* ASIFormDataRequest.h in Headers */ = {isa = PBXBuildFile; fileRef = 0DA9F88415613F1600A110A9 /* ASIFormDataRequest.h */; };
		0DA9F8A315613F1600A110A9 /* ASIFormDataRequest.m in Sources */ = {isa = PBXBuildFile; fileRef = 0DA9F88515613F1600A110A9 /* ASIFormDataRequest.m */; settings = {COMPILER_FLAGS = "-fno-objc-arc"; }; };
		0DA9F8A415613F1600A110A9 /* ASIFormDataRequest.m in Sources */ = {isa = PBXBuildFile; fileRef = 0DA9F88515613F1600A110A9 /* ASIFormDataRequest.m */; settings = {COMPILER_FLAGS = "-fno-objc-arc"; }; };
		0DA9F8A515613F1600A110A9 /* ASIHTTPRequest.h in Headers */ = {isa = PBXBuildFile; fileRef = 0DA9F88615613F1600A110A9 /* ASIHTTPRequest.h */; };
		0DA9F8A615613F1600A110A9 /* ASIHTTPRequest.h in Headers */ = {isa = PBXBuildFile; fileRef = 0DA9F88615613F1600A110A9 /* ASIHTTPRequest.h */; };
		0DA9F8A715613F1600A110A9 /* ASIHTTPRequest.m in Sources */ = {isa = PBXBuildFile; fileRef = 0DA9F88715613F1600A110A9 /* ASIHTTPRequest.m */; settings = {COMPILER_FLAGS = "-fno-objc-arc"; }; };
		0DA9F8A815613F1600A110A9 /* ASIHTTPRequest.m in Sources */ = {isa = PBXBuildFile; fileRef = 0DA9F88715613F1600A110A9 /* ASIHTTPRequest.m */; settings = {COMPILER_FLAGS = "-fno-objc-arc"; }; };
		0DA9F8A915613F1600A110A9 /* ASIHTTPRequestConfig.h in Headers */ = {isa = PBXBuildFile; fileRef = 0DA9F88815613F1600A110A9 /* ASIHTTPRequestConfig.h */; };
		0DA9F8AA15613F1600A110A9 /* ASIHTTPRequestConfig.h in Headers */ = {isa = PBXBuildFile; fileRef = 0DA9F88815613F1600A110A9 /* ASIHTTPRequestConfig.h */; };
		0DA9F8AB15613F1600A110A9 /* ASIHTTPRequestDelegate.h in Headers */ = {isa = PBXBuildFile; fileRef = 0DA9F88915613F1600A110A9 /* ASIHTTPRequestDelegate.h */; };
		0DA9F8AC15613F1600A110A9 /* ASIHTTPRequestDelegate.h in Headers */ = {isa = PBXBuildFile; fileRef = 0DA9F88915613F1600A110A9 /* ASIHTTPRequestDelegate.h */; };
		0DA9F8AD15613F1600A110A9 /* ASIInputStream.h in Headers */ = {isa = PBXBuildFile; fileRef = 0DA9F88A15613F1600A110A9 /* ASIInputStream.h */; };
		0DA9F8AE15613F1600A110A9 /* ASIInputStream.h in Headers */ = {isa = PBXBuildFile; fileRef = 0DA9F88A15613F1600A110A9 /* ASIInputStream.h */; };
		0DA9F8AF15613F1600A110A9 /* ASIInputStream.m in Sources */ = {isa = PBXBuildFile; fileRef = 0DA9F88B15613F1600A110A9 /* ASIInputStream.m */; settings = {COMPILER_FLAGS = "-fno-objc-arc"; }; };
		0DA9F8B015613F1600A110A9 /* ASIInputStream.m in Sources */ = {isa = PBXBuildFile; fileRef = 0DA9F88B15613F1600A110A9 /* ASIInputStream.m */; settings = {COMPILER_FLAGS = "-fno-objc-arc"; }; };
		0DA9F8B115613F1600A110A9 /* ASINetworkQueue.h in Headers */ = {isa = PBXBuildFile; fileRef = 0DA9F88C15613F1600A110A9 /* ASINetworkQueue.h */; };
		0DA9F8B215613F1600A110A9 /* ASINetworkQueue.h in Headers */ = {isa = PBXBuildFile; fileRef = 0DA9F88C15613F1600A110A9 /* ASINetworkQueue.h */; };
		0DA9F8B315613F1600A110A9 /* ASINetworkQueue.m in Sources */ = {isa = PBXBuildFile; fileRef = 0DA9F88D15613F1600A110A9 /* ASINetworkQueue.m */; settings = {COMPILER_FLAGS = "-fno-objc-arc"; }; };
		0DA9F8B415613F1600A110A9 /* ASINetworkQueue.m in Sources */ = {isa = PBXBuildFile; fileRef = 0DA9F88D15613F1600A110A9 /* ASINetworkQueue.m */; settings = {COMPILER_FLAGS = "-fno-objc-arc"; }; };
		0DA9F8B515613F1600A110A9 /* ASIProgressDelegate.h in Headers */ = {isa = PBXBuildFile; fileRef = 0DA9F88E15613F1600A110A9 /* ASIProgressDelegate.h */; };
		0DA9F8B615613F1600A110A9 /* ASIProgressDelegate.h in Headers */ = {isa = PBXBuildFile; fileRef = 0DA9F88E15613F1600A110A9 /* ASIProgressDelegate.h */; };
		0DA9F8B815613FD500A110A9 /* libz.dylib in Frameworks */ = {isa = PBXBuildFile; fileRef = 0DA9F8B715613FD500A110A9 /* libz.dylib */; };
		0DA9F8B915613FE100A110A9 /* libz.dylib in Frameworks */ = {isa = PBXBuildFile; fileRef = 0DA9F8B715613FD500A110A9 /* libz.dylib */; };
		0DA9F8BB1561400F00A110A9 /* SystemConfiguration.framework in Frameworks */ = {isa = PBXBuildFile; fileRef = 0DA9F8BA1561400F00A110A9 /* SystemConfiguration.framework */; };
		0DA9F8BC1561401500A110A9 /* SystemConfiguration.framework in Frameworks */ = {isa = PBXBuildFile; fileRef = 0DA9F8BA1561400F00A110A9 /* SystemConfiguration.framework */; };
		0DA9F8BF1561417500A110A9 /* FFMLastFMUpdater.h in Headers */ = {isa = PBXBuildFile; fileRef = 0DA9F8BD1561417500A110A9 /* FFMLastFMUpdater.h */; };
		0DA9F8C01561417500A110A9 /* FFMLastFMUpdater.h in Headers */ = {isa = PBXBuildFile; fileRef = 0DA9F8BD1561417500A110A9 /* FFMLastFMUpdater.h */; };
		0DA9F8C11561417500A110A9 /* FFMLastFMUpdater.m in Sources */ = {isa = PBXBuildFile; fileRef = 0DA9F8BE1561417500A110A9 /* FFMLastFMUpdater.m */; };
		0DA9F8C21561417500A110A9 /* FFMLastFMUpdater.m in Sources */ = {isa = PBXBuildFile; fileRef = 0DA9F8BE1561417500A110A9 /* FFMLastFMUpdater.m */; };
		0DB3534915853E5400857A92 /* FFMSong.h in Headers */ = {isa = PBXBuildFile; fileRef = 0DB3534715853E5400857A92 /* FFMSong.h */; };
		0DB3534A15853E5400857A92 /* FFMSong.h in Headers */ = {isa = PBXBuildFile; fileRef = 0DB3534715853E5400857A92 /* FFMSong.h */; };
		0DB3534B15853E5400857A92 /* FFMSong.m in Sources */ = {isa = PBXBuildFile; fileRef = 0DB3534815853E5400857A92 /* FFMSong.m */; };
		0DB3534C15853E5400857A92 /* FFMSong.m in Sources */ = {isa = PBXBuildFile; fileRef = 0DB3534815853E5400857A92 /* FFMSong.m */; };
		0DB3537815854C5E00857A92 /* FFMSongUpdater.h in Headers */ = {isa = PBXBuildFile; fileRef = 0DB3537615854C5E00857A92 /* FFMSongUpdater.h */; };
		0DB3537915854C5E00857A92 /* FFMSongUpdater.h in Headers */ = {isa = PBXBuildFile; fileRef = 0DB3537615854C5E00857A92 /* FFMSongUpdater.h */; };
		0DB3537A15854C5E00857A92 /* FFMSongUpdater.m in Sources */ = {isa = PBXBuildFile; fileRef = 0DB3537715854C5E00857A92 /* FFMSongUpdater.m */; };
		0DB3537B15854C5E00857A92 /* FFMSongUpdater.m in Sources */ = {isa = PBXBuildFile; fileRef = 0DB3537715854C5E00857A92 /* FFMSongUpdater.m */; };
		0DB3538215854E9700857A92 /* FFMITunesUpdater.h in Headers */ = {isa = PBXBuildFile; fileRef = 0DB3538015854E9700857A92 /* FFMITunesUpdater.h */; };
		0DB3538315854E9700857A92 /* FFMITunesUpdater.h in Headers */ = {isa = PBXBuildFile; fileRef = 0DB3538015854E9700857A92 /* FFMITunesUpdater.h */; };
		0DB3538415854E9700857A92 /* FFMITunesUpdater.m in Sources */ = {isa = PBXBuildFile; fileRef = 0DB3538115854E9700857A92 /* FFMITunesUpdater.m */; };
		0DB3538515854E9700857A92 /* FFMITunesUpdater.m in Sources */ = {isa = PBXBuildFile; fileRef = 0DB3538115854E9700857A92 /* FFMITunesUpdater.m */; };
		0DB3538815854EBA00857A92 /* FFMSpotifyUpdater.h in Headers */ = {isa = PBXBuildFile; fileRef = 0DB3538615854EBA00857A92 /* FFMSpotifyUpdater.h */; };
		0DB3538915854EBA00857A92 /* FFMSpotifyUpdater.h in Headers */ = {isa = PBXBuildFile; fileRef = 0DB3538615854EBA00857A92 /* FFMSpotifyUpdater.h */; };
		0DB3538A15854EBA00857A92 /* FFMSpotifyUpdater.m in Sources */ = {isa = PBXBuildFile; fileRef = 0DB3538715854EBA00857A92 /* FFMSpotifyUpdater.m */; };
		0DB3538B15854EBA00857A92 /* FFMSpotifyUpdater.m in Sources */ = {isa = PBXBuildFile; fileRef = 0DB3538715854EBA00857A92 /* FFMSpotifyUpdater.m */; };
		0DB3538F15854ED300857A92 /* FFMMogUpdater.h in Headers */ = {isa = PBXBuildFile; fileRef = 0DB3538D15854ED300857A92 /* FFMMogUpdater.h */; };
		0DB3539015854ED300857A92 /* FFMMogUpdater.h in Headers */ = {isa = PBXBuildFile; fileRef = 0DB3538D15854ED300857A92 /* FFMMogUpdater.h */; };
		0DB3539115854ED300857A92 /* FFMMogUpdater.m in Sources */ = {isa = PBXBuildFile; fileRef = 0DB3538E15854ED300857A92 /* FFMMogUpdater.m */; };
		0DB3539215854ED300857A92 /* FFMMogUpdater.m in Sources */ = {isa = PBXBuildFile; fileRef = 0DB3538E15854ED300857A92 /* FFMMogUpdater.m */; };
		0DB3539515854EED00857A92 /* FFMLastFmAppUpdater.h in Headers */ = {isa = PBXBuildFile; fileRef = 0DB3539315854EED00857A92 /* FFMLastFmAppUpdater.h */; };
		0DB3539615854EED00857A92 /* FFMLastFmAppUpdater.h in Headers */ = {isa = PBXBuildFile; fileRef = 0DB3539315854EED00857A92 /* FFMLastFmAppUpdater.h */; };
		0DB3539715854EED00857A92 /* FFMLastFmAppUpdater.m in Sources */ = {isa = PBXBuildFile; fileRef = 0DB3539415854EED00857A92 /* FFMLastFmAppUpdater.m */; };
		0DB3539815854EED00857A92 /* FFMLastFmAppUpdater.m in Sources */ = {isa = PBXBuildFile; fileRef = 0DB3539415854EED00857A92 /* FFMLastFmAppUpdater.m */; };
		0DB3539B15854F2100857A92 /* FFMRdioUpdater.h in Headers */ = {isa = PBXBuildFile; fileRef = 0DB3539915854F2100857A92 /* FFMRdioUpdater.h */; };
		0DB3539C15854F2100857A92 /* FFMRdioUpdater.h in Headers */ = {isa = PBXBuildFile; fileRef = 0DB3539915854F2100857A92 /* FFMRdioUpdater.h */; };
		0DB3539D15854F2100857A92 /* FFMRdioUpdater.m in Sources */ = {isa = PBXBuildFile; fileRef = 0DB3539A15854F2100857A92 /* FFMRdioUpdater.m */; };
		0DB3539E15854F2100857A92 /* FFMRdioUpdater.m in Sources */ = {isa = PBXBuildFile; fileRef = 0DB3539A15854F2100857A92 /* FFMRdioUpdater.m */; };
		0DF5156315A4AD12005F7BC4 /* FFMLocalSongUpdater.h in Headers */ = {isa = PBXBuildFile; fileRef = 0DF5156115A4AD12005F7BC4 /* FFMLocalSongUpdater.h */; };
		0DF5156415A4AD12005F7BC4 /* FFMLocalSongUpdater.h in Headers */ = {isa = PBXBuildFile; fileRef = 0DF5156115A4AD12005F7BC4 /* FFMLocalSongUpdater.h */; };
		0DF5156515A4AD12005F7BC4 /* FFMLocalSongUpdater.m in Sources */ = {isa = PBXBuildFile; fileRef = 0DF5156215A4AD12005F7BC4 /* FFMLocalSongUpdater.m */; };
		0DF5156615A4AD12005F7BC4 /* FFMLocalSongUpdater.m in Sources */ = {isa = PBXBuildFile; fileRef = 0DF5156215A4AD12005F7BC4 /* FFMLocalSongUpdater.m */; };
/* End PBXBuildFile section */

/* Begin PBXFileReference section */
		0D32B26E1558630D00598A14 /* FringeFM.framework */ = {isa = PBXFileReference; explicitFileType = wrapper.framework; includeInIndex = 0; path = FringeFM.framework; sourceTree = BUILT_PRODUCTS_DIR; };
		0D32B2711558630D00598A14 /* Cocoa.framework */ = {isa = PBXFileReference; lastKnownFileType = wrapper.framework; name = Cocoa.framework; path = System/Library/Frameworks/Cocoa.framework; sourceTree = SDKROOT; };
		0D32B2741558630D00598A14 /* AppKit.framework */ = {isa = PBXFileReference; lastKnownFileType = wrapper.framework; name = AppKit.framework; path = System/Library/Frameworks/AppKit.framework; sourceTree = SDKROOT; };
		0D32B2751558630D00598A14 /* CoreData.framework */ = {isa = PBXFileReference; lastKnownFileType = wrapper.framework; name = CoreData.framework; path = System/Library/Frameworks/CoreData.framework; sourceTree = SDKROOT; };
		0D32B2761558630D00598A14 /* Foundation.framework */ = {isa = PBXFileReference; lastKnownFileType = wrapper.framework; name = Foundation.framework; path = System/Library/Frameworks/Foundation.framework; sourceTree = SDKROOT; };
		0D32B2791558630D00598A14 /* FringeFM-Info.plist */ = {isa = PBXFileReference; lastKnownFileType = text.plist.xml; path = "FringeFM-Info.plist"; sourceTree = "<group>"; };
		0D32B27B1558630D00598A14 /* en */ = {isa = PBXFileReference; lastKnownFileType = text.plist.strings; name = en; path = en.lproj/InfoPlist.strings; sourceTree = "<group>"; };
		0D32B27D1558630D00598A14 /* FringeFM-Prefix.pch */ = {isa = PBXFileReference; lastKnownFileType = sourcecode.c.h; path = "FringeFM-Prefix.pch"; sourceTree = "<group>"; };
		0D5907EB15C6D722008B4D29 /* FFMRadiumUpdater.h */ = {isa = PBXFileReference; fileEncoding = 4; lastKnownFileType = sourcecode.c.h; path = FFMRadiumUpdater.h; sourceTree = "<group>"; };
		0D5907EC15C6D722008B4D29 /* FFMRadiumUpdater.m */ = {isa = PBXFileReference; fileEncoding = 4; lastKnownFileType = sourcecode.c.objc; path = FFMRadiumUpdater.m; sourceTree = "<group>"; };
		0D5907F115C6D86F008B4D29 /* Radium.h */ = {isa = PBXFileReference; fileEncoding = 4; lastKnownFileType = sourcecode.c.h; path = Radium.h; sourceTree = "<group>"; };
		0D7E2B1015589C3F00C1EA0C /* FFMJson.h */ = {isa = PBXFileReference; fileEncoding = 4; lastKnownFileType = sourcecode.c.h; path = FFMJson.h; sourceTree = "<group>"; };
		0D7E2B1115589C3F00C1EA0C /* FFMJson.m */ = {isa = PBXFileReference; fileEncoding = 4; lastKnownFileType = sourcecode.c.objc; path = FFMJson.m; sourceTree = "<group>"; };
		0D7E2B1215589C3F00C1EA0C /* FFMLastFmJson.h */ = {isa = PBXFileReference; fileEncoding = 4; lastKnownFileType = sourcecode.c.h; path = FFMLastFmJson.h; sourceTree = "<group>"; };
		0D7E2B1315589C3F00C1EA0C /* FFMLastFmJson.m */ = {isa = PBXFileReference; fileEncoding = 4; lastKnownFileType = sourcecode.c.objc; path = FFMLastFmJson.m; sourceTree = "<group>"; };
		0D7E2B2115589D4100C1EA0C /* Specs.framework */ = {isa = PBXFileReference; explicitFileType = wrapper.framework; includeInIndex = 0; path = Specs.framework; sourceTree = BUILT_PRODUCTS_DIR; };
		0D7E2B2515589D4100C1EA0C /* Specs-Info.plist */ = {isa = PBXFileReference; lastKnownFileType = text.plist.xml; path = "Specs-Info.plist"; sourceTree = "<group>"; };
		0D7E2B2715589D4100C1EA0C /* en */ = {isa = PBXFileReference; lastKnownFileType = text.plist.strings; name = en; path = en.lproj/InfoPlist.strings; sourceTree = "<group>"; };
		0D7E2B2915589D4100C1EA0C /* Specs-Prefix.pch */ = {isa = PBXFileReference; lastKnownFileType = sourcecode.c.h; path = "Specs-Prefix.pch"; sourceTree = "<group>"; };
		0D8342FC1558A39100442C1A /* error.json */ = {isa = PBXFileReference; fileEncoding = 4; lastKnownFileType = text.json; path = error.json; sourceTree = "<group>"; };
		0D8342FD1558A39100442C1A /* getrecenttracks-playing-formatted.json */ = {isa = PBXFileReference; fileEncoding = 4; lastKnownFileType = text.json; path = "getrecenttracks-playing-formatted.json"; sourceTree = "<group>"; };
		0D8342FE1558A39100442C1A /* getrecenttracks-playing.json */ = {isa = PBXFileReference; fileEncoding = 4; lastKnownFileType = text.json; path = "getrecenttracks-playing.json"; sourceTree = "<group>"; };
		0D8342FF1558A39100442C1A /* getrecenttracks-quiet-formatted.json */ = {isa = PBXFileReference; fileEncoding = 4; lastKnownFileType = text.json; path = "getrecenttracks-quiet-formatted.json"; sourceTree = "<group>"; };
		0D8343001558A39100442C1A /* getrecenttracks-quiet.json */ = {isa = PBXFileReference; fileEncoding = 4; lastKnownFileType = text.json; path = "getrecenttracks-quiet.json"; sourceTree = "<group>"; };
		0D8343071558A3A000442C1A /* fm_json.feature */ = {isa = PBXFileReference; fileEncoding = 4; lastKnownFileType = text; path = fm_json.feature; sourceTree = "<group>"; };
		0D8343081558A3A000442C1A /* now_playing.feature */ = {isa = PBXFileReference; fileEncoding = 4; lastKnownFileType = text; path = now_playing.feature; sourceTree = "<group>"; };
		0D83430A1558A3A000442C1A /* json_step.rb */ = {isa = PBXFileReference; fileEncoding = 4; lastKnownFileType = text.script.ruby; path = json_step.rb; sourceTree = "<group>"; };
		0D83430B1558A3A000442C1A /* now_playing_step.rb */ = {isa = PBXFileReference; fileEncoding = 4; lastKnownFileType = text.script.ruby; path = now_playing_step.rb; sourceTree = "<group>"; };
		0D83430D1558A3A000442C1A /* env.rb */ = {isa = PBXFileReference; fileEncoding = 4; lastKnownFileType = text.script.ruby; path = env.rb; sourceTree = "<group>"; };
		0D83430E1558A3A000442C1A /* tables.rb */ = {isa = PBXFileReference; fileEncoding = 4; lastKnownFileType = text.script.ruby; path = tables.rb; sourceTree = "<group>"; };
		0D8343151558A3AB00442C1A /* spec_helper.rb */ = {isa = PBXFileReference; fileEncoding = 4; lastKnownFileType = text.script.ruby; path = spec_helper.rb; sourceTree = "<group>"; };
		0D8E1BD91588560F0033C6DE /* iTunes.h */ = {isa = PBXFileReference; fileEncoding = 4; lastKnownFileType = sourcecode.c.h; path = iTunes.h; sourceTree = "<group>"; };
		0D8E1BDA1588560F0033C6DE /* Last.fm.h */ = {isa = PBXFileReference; fileEncoding = 4; lastKnownFileType = sourcecode.c.h; path = Last.fm.h; sourceTree = "<group>"; };
		0D8E1BDB1588560F0033C6DE /* Mog.h */ = {isa = PBXFileReference; fileEncoding = 4; lastKnownFileType = sourcecode.c.h; path = Mog.h; sourceTree = "<group>"; };
		0D8E1BDC1588560F0033C6DE /* Rdio.h */ = {isa = PBXFileReference; fileEncoding = 4; lastKnownFileType = sourcecode.c.h; path = Rdio.h; sourceTree = "<group>"; };
		0D8E1BDD1588560F0033C6DE /* Spotify.h */ = {isa = PBXFileReference; fileEncoding = 4; lastKnownFileType = sourcecode.c.h; path = Spotify.h; sourceTree = "<group>"; };
		0D8E1BE91588587D0033C6DE /* ScriptingBridge.framework */ = {isa = PBXFileReference; lastKnownFileType = wrapper.framework; name = ScriptingBridge.framework; path = System/Library/Frameworks/ScriptingBridge.framework; sourceTree = SDKROOT; };
		0DA9F87D15613F1600A110A9 /* ASICacheDelegate.h */ = {isa = PBXFileReference; fileEncoding = 4; lastKnownFileType = sourcecode.c.h; name = ASICacheDelegate.h; path = "External/asi-http-request/Classes/ASICacheDelegate.h"; sourceTree = "<group>"; };
		0DA9F87E15613F1600A110A9 /* ASIDataCompressor.h */ = {isa = PBXFileReference; fileEncoding = 4; lastKnownFileType = sourcecode.c.h; name = ASIDataCompressor.h; path = "External/asi-http-request/Classes/ASIDataCompressor.h"; sourceTree = "<group>"; };
		0DA9F87F15613F1600A110A9 /* ASIDataCompressor.m */ = {isa = PBXFileReference; fileEncoding = 4; lastKnownFileType = sourcecode.c.objc; name = ASIDataCompressor.m; path = "External/asi-http-request/Classes/ASIDataCompressor.m"; sourceTree = "<group>"; };
		0DA9F88015613F1600A110A9 /* ASIDataDecompressor.h */ = {isa = PBXFileReference; fileEncoding = 4; lastKnownFileType = sourcecode.c.h; name = ASIDataDecompressor.h; path = "External/asi-http-request/Classes/ASIDataDecompressor.h"; sourceTree = "<group>"; };
		0DA9F88115613F1600A110A9 /* ASIDataDecompressor.m */ = {isa = PBXFileReference; fileEncoding = 4; lastKnownFileType = sourcecode.c.objc; name = ASIDataDecompressor.m; path = "External/asi-http-request/Classes/ASIDataDecompressor.m"; sourceTree = "<group>"; };
		0DA9F88215613F1600A110A9 /* ASIDownloadCache.h */ = {isa = PBXFileReference; fileEncoding = 4; lastKnownFileType = sourcecode.c.h; name = ASIDownloadCache.h; path = "External/asi-http-request/Classes/ASIDownloadCache.h"; sourceTree = "<group>"; };
		0DA9F88315613F1600A110A9 /* ASIDownloadCache.m */ = {isa = PBXFileReference; fileEncoding = 4; lastKnownFileType = sourcecode.c.objc; name = ASIDownloadCache.m; path = "External/asi-http-request/Classes/ASIDownloadCache.m"; sourceTree = "<group>"; };
		0DA9F88415613F1600A110A9 /* ASIFormDataRequest.h */ = {isa = PBXFileReference; fileEncoding = 4; lastKnownFileType = sourcecode.c.h; name = ASIFormDataRequest.h; path = "External/asi-http-request/Classes/ASIFormDataRequest.h"; sourceTree = "<group>"; };
		0DA9F88515613F1600A110A9 /* ASIFormDataRequest.m */ = {isa = PBXFileReference; fileEncoding = 4; lastKnownFileType = sourcecode.c.objc; name = ASIFormDataRequest.m; path = "External/asi-http-request/Classes/ASIFormDataRequest.m"; sourceTree = "<group>"; };
		0DA9F88615613F1600A110A9 /* ASIHTTPRequest.h */ = {isa = PBXFileReference; fileEncoding = 4; lastKnownFileType = sourcecode.c.h; name = ASIHTTPRequest.h; path = "External/asi-http-request/Classes/ASIHTTPRequest.h"; sourceTree = "<group>"; };
		0DA9F88715613F1600A110A9 /* ASIHTTPRequest.m */ = {isa = PBXFileReference; fileEncoding = 4; lastKnownFileType = sourcecode.c.objc; name = ASIHTTPRequest.m; path = "External/asi-http-request/Classes/ASIHTTPRequest.m"; sourceTree = "<group>"; };
		0DA9F88815613F1600A110A9 /* ASIHTTPRequestConfig.h */ = {isa = PBXFileReference; fileEncoding = 4; lastKnownFileType = sourcecode.c.h; name = ASIHTTPRequestConfig.h; path = "External/asi-http-request/Classes/ASIHTTPRequestConfig.h"; sourceTree = "<group>"; };
		0DA9F88915613F1600A110A9 /* ASIHTTPRequestDelegate.h */ = {isa = PBXFileReference; fileEncoding = 4; lastKnownFileType = sourcecode.c.h; name = ASIHTTPRequestDelegate.h; path = "External/asi-http-request/Classes/ASIHTTPRequestDelegate.h"; sourceTree = "<group>"; };
		0DA9F88A15613F1600A110A9 /* ASIInputStream.h */ = {isa = PBXFileReference; fileEncoding = 4; lastKnownFileType = sourcecode.c.h; name = ASIInputStream.h; path = "External/asi-http-request/Classes/ASIInputStream.h"; sourceTree = "<group>"; };
		0DA9F88B15613F1600A110A9 /* ASIInputStream.m */ = {isa = PBXFileReference; fileEncoding = 4; lastKnownFileType = sourcecode.c.objc; name = ASIInputStream.m; path = "External/asi-http-request/Classes/ASIInputStream.m"; sourceTree = "<group>"; };
		0DA9F88C15613F1600A110A9 /* ASINetworkQueue.h */ = {isa = PBXFileReference; fileEncoding = 4; lastKnownFileType = sourcecode.c.h; name = ASINetworkQueue.h; path = "External/asi-http-request/Classes/ASINetworkQueue.h"; sourceTree = "<group>"; };
		0DA9F88D15613F1600A110A9 /* ASINetworkQueue.m */ = {isa = PBXFileReference; fileEncoding = 4; lastKnownFileType = sourcecode.c.objc; name = ASINetworkQueue.m; path = "External/asi-http-request/Classes/ASINetworkQueue.m"; sourceTree = "<group>"; };
		0DA9F88E15613F1600A110A9 /* ASIProgressDelegate.h */ = {isa = PBXFileReference; fileEncoding = 4; lastKnownFileType = sourcecode.c.h; name = ASIProgressDelegate.h; path = "External/asi-http-request/Classes/ASIProgressDelegate.h"; sourceTree = "<group>"; };
		0DA9F8B715613FD500A110A9 /* libz.dylib */ = {isa = PBXFileReference; lastKnownFileType = "compiled.mach-o.dylib"; name = libz.dylib; path = usr/lib/libz.dylib; sourceTree = SDKROOT; };
		0DA9F8BA1561400F00A110A9 /* SystemConfiguration.framework */ = {isa = PBXFileReference; lastKnownFileType = wrapper.framework; name = SystemConfiguration.framework; path = System/Library/Frameworks/SystemConfiguration.framework; sourceTree = SDKROOT; };
		0DA9F8BD1561417500A110A9 /* FFMLastFMUpdater.h */ = {isa = PBXFileReference; fileEncoding = 4; lastKnownFileType = sourcecode.c.h; path = FFMLastFMUpdater.h; sourceTree = "<group>"; };
		0DA9F8BE1561417500A110A9 /* FFMLastFMUpdater.m */ = {isa = PBXFileReference; fileEncoding = 4; lastKnownFileType = sourcecode.c.objc; path = FFMLastFMUpdater.m; sourceTree = "<group>"; };
		0DB3534715853E5400857A92 /* FFMSong.h */ = {isa = PBXFileReference; fileEncoding = 4; lastKnownFileType = sourcecode.c.h; path = FFMSong.h; sourceTree = "<group>"; };
		0DB3534815853E5400857A92 /* FFMSong.m */ = {isa = PBXFileReference; fileEncoding = 4; lastKnownFileType = sourcecode.c.objc; path = FFMSong.m; sourceTree = "<group>"; };
		0DB3537615854C5E00857A92 /* FFMSongUpdater.h */ = {isa = PBXFileReference; fileEncoding = 4; lastKnownFileType = sourcecode.c.h; path = FFMSongUpdater.h; sourceTree = "<group>"; };
		0DB3537715854C5E00857A92 /* FFMSongUpdater.m */ = {isa = PBXFileReference; fileEncoding = 4; lastKnownFileType = sourcecode.c.objc; path = FFMSongUpdater.m; sourceTree = "<group>"; };
		0DB3538015854E9700857A92 /* FFMITunesUpdater.h */ = {isa = PBXFileReference; fileEncoding = 4; lastKnownFileType = sourcecode.c.h; path = FFMITunesUpdater.h; sourceTree = "<group>"; };
		0DB3538115854E9700857A92 /* FFMITunesUpdater.m */ = {isa = PBXFileReference; fileEncoding = 4; lastKnownFileType = sourcecode.c.objc; path = FFMITunesUpdater.m; sourceTree = "<group>"; };
		0DB3538615854EBA00857A92 /* FFMSpotifyUpdater.h */ = {isa = PBXFileReference; fileEncoding = 4; lastKnownFileType = sourcecode.c.h; path = FFMSpotifyUpdater.h; sourceTree = "<group>"; };
		0DB3538715854EBA00857A92 /* FFMSpotifyUpdater.m */ = {isa = PBXFileReference; fileEncoding = 4; lastKnownFileType = sourcecode.c.objc; path = FFMSpotifyUpdater.m; sourceTree = "<group>"; };
		0DB3538D15854ED300857A92 /* FFMMogUpdater.h */ = {isa = PBXFileReference; fileEncoding = 4; lastKnownFileType = sourcecode.c.h; path = FFMMogUpdater.h; sourceTree = "<group>"; };
		0DB3538E15854ED300857A92 /* FFMMogUpdater.m */ = {isa = PBXFileReference; fileEncoding = 4; lastKnownFileType = sourcecode.c.objc; path = FFMMogUpdater.m; sourceTree = "<group>"; };
		0DB3539315854EED00857A92 /* FFMLastFmAppUpdater.h */ = {isa = PBXFileReference; fileEncoding = 4; lastKnownFileType = sourcecode.c.h; path = FFMLastFmAppUpdater.h; sourceTree = "<group>"; };
		0DB3539415854EED00857A92 /* FFMLastFmAppUpdater.m */ = {isa = PBXFileReference; fileEncoding = 4; lastKnownFileType = sourcecode.c.objc; path = FFMLastFmAppUpdater.m; sourceTree = "<group>"; };
		0DB3539915854F2100857A92 /* FFMRdioUpdater.h */ = {isa = PBXFileReference; fileEncoding = 4; lastKnownFileType = sourcecode.c.h; path = FFMRdioUpdater.h; sourceTree = "<group>"; };
		0DB3539A15854F2100857A92 /* FFMRdioUpdater.m */ = {isa = PBXFileReference; fileEncoding = 4; lastKnownFileType = sourcecode.c.objc; path = FFMRdioUpdater.m; sourceTree = "<group>"; };
		0DF5156115A4AD12005F7BC4 /* FFMLocalSongUpdater.h */ = {isa = PBXFileReference; fileEncoding = 4; lastKnownFileType = sourcecode.c.h; path = FFMLocalSongUpdater.h; sourceTree = "<group>"; };
		0DF5156215A4AD12005F7BC4 /* FFMLocalSongUpdater.m */ = {isa = PBXFileReference; fileEncoding = 4; lastKnownFileType = sourcecode.c.objc; path = FFMLocalSongUpdater.m; sourceTree = "<group>"; };
/* End PBXFileReference section */

/* Begin PBXFrameworksBuildPhase section */
		0D32B26A1558630D00598A14 /* Frameworks */ = {
			isa = PBXFrameworksBuildPhase;
			buildActionMask = 2147483647;
			files = (
				0D5907F315C6DA51008B4D29 /* ScriptingBridge.framework in Frameworks */,
				0DA9F8B815613FD500A110A9 /* libz.dylib in Frameworks */,
				0D32B2721558630D00598A14 /* Cocoa.framework in Frameworks */,
				0DA9F8BC1561401500A110A9 /* SystemConfiguration.framework in Frameworks */,
			);
			runOnlyForDeploymentPostprocessing = 0;
		};
		0D7E2B1D15589D4100C1EA0C /* Frameworks */ = {
			isa = PBXFrameworksBuildPhase;
			buildActionMask = 2147483647;
			files = (
				0DA9F8BB1561400F00A110A9 /* SystemConfiguration.framework in Frameworks */,
				0DA9F8B915613FE100A110A9 /* libz.dylib in Frameworks */,
				0D7E2B2215589D4100C1EA0C /* Cocoa.framework in Frameworks */,
				0D8E1BEA1588587D0033C6DE /* ScriptingBridge.framework in Frameworks */,
			);
			runOnlyForDeploymentPostprocessing = 0;
		};
/* End PBXFrameworksBuildPhase section */

/* Begin PBXGroup section */
		0D32B2621558630A00598A14 = {
			isa = PBXGroup;
			children = (
				0D32B2771558630D00598A14 /* FringeFM */,
				0D8E1BD81588560F0033C6DE /* AppleScript Bridge */,
				0DA9F87A15613EF600A110A9 /* ASIHTTPRequest */,
				0D7E2B2315589D4100C1EA0C /* Specs */,
				0D32B2701558630D00598A14 /* Frameworks */,
				0D32B26F1558630D00598A14 /* Products */,
			);
			sourceTree = "<group>";
		};
		0D32B26F1558630D00598A14 /* Products */ = {
			isa = PBXGroup;
			children = (
				0D32B26E1558630D00598A14 /* FringeFM.framework */,
				0D7E2B2115589D4100C1EA0C /* Specs.framework */,
			);
			name = Products;
			sourceTree = "<group>";
		};
		0D32B2701558630D00598A14 /* Frameworks */ = {
			isa = PBXGroup;
			children = (
				0D32B2711558630D00598A14 /* Cocoa.framework */,
				0DA9F8BA1561400F00A110A9 /* SystemConfiguration.framework */,
				0D8E1BE91588587D0033C6DE /* ScriptingBridge.framework */,
				0DA9F8B715613FD500A110A9 /* libz.dylib */,
				0D32B2731558630D00598A14 /* Other Frameworks */,
			);
			name = Frameworks;
			sourceTree = "<group>";
		};
		0D32B2731558630D00598A14 /* Other Frameworks */ = {
			isa = PBXGroup;
			children = (
				0D32B2741558630D00598A14 /* AppKit.framework */,
				0D32B2751558630D00598A14 /* CoreData.framework */,
				0D32B2761558630D00598A14 /* Foundation.framework */,
			);
			name = "Other Frameworks";
			sourceTree = "<group>";
		};
		0D32B2771558630D00598A14 /* FringeFM */ = {
			isa = PBXGroup;
			children = (
				0DB3534715853E5400857A92 /* FFMSong.h */,
				0DB3534815853E5400857A92 /* FFMSong.m */,
				0D7E2B1015589C3F00C1EA0C /* FFMJson.h */,
				0D7E2B1115589C3F00C1EA0C /* FFMJson.m */,
				0DB3537615854C5E00857A92 /* FFMSongUpdater.h */,
				0DB3537715854C5E00857A92 /* FFMSongUpdater.m */,
				0DF5156115A4AD12005F7BC4 /* FFMLocalSongUpdater.h */,
				0DF5156215A4AD12005F7BC4 /* FFMLocalSongUpdater.m */,
				0DB3537415854C2000857A92 /* last.fm */,
				0DB3537F15854E6E00857A92 /* iTunes */,
				0DB3537E15854E6500857A92 /* Spotify */,
				0DB3537D15854E6000857A92 /* Mog */,
				0DB3537C15854E4A00857A92 /* last.fm App */,
				0DB3539F15854F3400857A92 /* Rdio */,
				0D5907F015C6D728008B4D29 /* Radium */,
				0D32B2781558630D00598A14 /* Supporting Files */,
			);
			path = FringeFM;
			sourceTree = "<group>";
		};
		0D32B2781558630D00598A14 /* Supporting Files */ = {
			isa = PBXGroup;
			children = (
				0D32B2791558630D00598A14 /* FringeFM-Info.plist */,
				0D32B27A1558630D00598A14 /* InfoPlist.strings */,
				0D32B27D1558630D00598A14 /* FringeFM-Prefix.pch */,
			);
			name = "Supporting Files";
			sourceTree = "<group>";
		};
		0D5907F015C6D728008B4D29 /* Radium */ = {
			isa = PBXGroup;
			children = (
				0D5907EB15C6D722008B4D29 /* FFMRadiumUpdater.h */,
				0D5907EC15C6D722008B4D29 /* FFMRadiumUpdater.m */,
			);
			name = Radium;
			sourceTree = "<group>";
		};
		0D7E2B2315589D4100C1EA0C /* Specs */ = {
			isa = PBXGroup;
			children = (
				0D8343151558A3AB00442C1A /* spec_helper.rb */,
				0D8343061558A3A000442C1A /* features */,
				0D8342FB1558A39100442C1A /* data */,
				0D7E2B2415589D4100C1EA0C /* Supporting Files */,
			);
			path = Specs;
			sourceTree = "<group>";
		};
		0D7E2B2415589D4100C1EA0C /* Supporting Files */ = {
			isa = PBXGroup;
			children = (
				0D7E2B2515589D4100C1EA0C /* Specs-Info.plist */,
				0D7E2B2615589D4100C1EA0C /* InfoPlist.strings */,
				0D7E2B2915589D4100C1EA0C /* Specs-Prefix.pch */,
			);
			name = "Supporting Files";
			sourceTree = "<group>";
		};
		0D8342FB1558A39100442C1A /* data */ = {
			isa = PBXGroup;
			children = (
				0D8342FC1558A39100442C1A /* error.json */,
				0D8342FD1558A39100442C1A /* getrecenttracks-playing-formatted.json */,
				0D8342FE1558A39100442C1A /* getrecenttracks-playing.json */,
				0D8342FF1558A39100442C1A /* getrecenttracks-quiet-formatted.json */,
				0D8343001558A39100442C1A /* getrecenttracks-quiet.json */,
			);
			path = data;
			sourceTree = "<group>";
		};
		0D8343061558A3A000442C1A /* features */ = {
			isa = PBXGroup;
			children = (
				0D8343071558A3A000442C1A /* fm_json.feature */,
				0D8343081558A3A000442C1A /* now_playing.feature */,
				0D8343091558A3A000442C1A /* step_definitions */,
				0D83430C1558A3A000442C1A /* support */,
			);
			path = features;
			sourceTree = "<group>";
		};
		0D8343091558A3A000442C1A /* step_definitions */ = {
			isa = PBXGroup;
			children = (
				0D83430A1558A3A000442C1A /* json_step.rb */,
				0D83430B1558A3A000442C1A /* now_playing_step.rb */,
			);
			path = step_definitions;
			sourceTree = "<group>";
		};
		0D83430C1558A3A000442C1A /* support */ = {
			isa = PBXGroup;
			children = (
				0D83430D1558A3A000442C1A /* env.rb */,
				0D83430E1558A3A000442C1A /* tables.rb */,
			);
			path = support;
			sourceTree = "<group>";
		};
		0D8E1BD81588560F0033C6DE /* AppleScript Bridge */ = {
			isa = PBXGroup;
			children = (
				0D8E1BD91588560F0033C6DE /* iTunes.h */,
				0D8E1BDA1588560F0033C6DE /* Last.fm.h */,
				0D8E1BDB1588560F0033C6DE /* Mog.h */,
				0D8E1BDC1588560F0033C6DE /* Rdio.h */,
				0D8E1BDD1588560F0033C6DE /* Spotify.h */,
				0D5907F115C6D86F008B4D29 /* Radium.h */,
			);
			name = "AppleScript Bridge";
			path = Bridge;
			sourceTree = "<group>";
		};
		0DA9F87A15613EF600A110A9 /* ASIHTTPRequest */ = {
			isa = PBXGroup;
			children = (
				0DA9F87D15613F1600A110A9 /* ASICacheDelegate.h */,
				0DA9F87E15613F1600A110A9 /* ASIDataCompressor.h */,
				0DA9F87F15613F1600A110A9 /* ASIDataCompressor.m */,
				0DA9F88015613F1600A110A9 /* ASIDataDecompressor.h */,
				0DA9F88115613F1600A110A9 /* ASIDataDecompressor.m */,
				0DA9F88215613F1600A110A9 /* ASIDownloadCache.h */,
				0DA9F88315613F1600A110A9 /* ASIDownloadCache.m */,
				0DA9F88415613F1600A110A9 /* ASIFormDataRequest.h */,
				0DA9F88515613F1600A110A9 /* ASIFormDataRequest.m */,
				0DA9F88615613F1600A110A9 /* ASIHTTPRequest.h */,
				0DA9F88715613F1600A110A9 /* ASIHTTPRequest.m */,
				0DA9F88815613F1600A110A9 /* ASIHTTPRequestConfig.h */,
				0DA9F88915613F1600A110A9 /* ASIHTTPRequestDelegate.h */,
				0DA9F88A15613F1600A110A9 /* ASIInputStream.h */,
				0DA9F88B15613F1600A110A9 /* ASIInputStream.m */,
				0DA9F88C15613F1600A110A9 /* ASINetworkQueue.h */,
				0DA9F88D15613F1600A110A9 /* ASINetworkQueue.m */,
				0DA9F88E15613F1600A110A9 /* ASIProgressDelegate.h */,
			);
			name = ASIHTTPRequest;
			sourceTree = "<group>";
		};
		0DB3537415854C2000857A92 /* last.fm */ = {
			isa = PBXGroup;
			children = (
				0D7E2B1215589C3F00C1EA0C /* FFMLastFmJson.h */,
				0D7E2B1315589C3F00C1EA0C /* FFMLastFmJson.m */,
				0DA9F8BD1561417500A110A9 /* FFMLastFMUpdater.h */,
				0DA9F8BE1561417500A110A9 /* FFMLastFMUpdater.m */,
			);
			name = last.fm;
			sourceTree = "<group>";
		};
		0DB3537C15854E4A00857A92 /* last.fm App */ = {
			isa = PBXGroup;
			children = (
				0DB3539315854EED00857A92 /* FFMLastFmAppUpdater.h */,
				0DB3539415854EED00857A92 /* FFMLastFmAppUpdater.m */,
			);
			name = "last.fm App";
			sourceTree = "<group>";
		};
		0DB3537D15854E6000857A92 /* Mog */ = {
			isa = PBXGroup;
			children = (
				0DB3538D15854ED300857A92 /* FFMMogUpdater.h */,
				0DB3538E15854ED300857A92 /* FFMMogUpdater.m */,
			);
			name = Mog;
			sourceTree = "<group>";
		};
		0DB3537E15854E6500857A92 /* Spotify */ = {
			isa = PBXGroup;
			children = (
				0DB3538615854EBA00857A92 /* FFMSpotifyUpdater.h */,
				0DB3538715854EBA00857A92 /* FFMSpotifyUpdater.m */,
			);
			name = Spotify;
			sourceTree = "<group>";
		};
		0DB3537F15854E6E00857A92 /* iTunes */ = {
			isa = PBXGroup;
			children = (
				0DB3538015854E9700857A92 /* FFMITunesUpdater.h */,
				0DB3538115854E9700857A92 /* FFMITunesUpdater.m */,
			);
			name = iTunes;
			sourceTree = "<group>";
		};
		0DB3539F15854F3400857A92 /* Rdio */ = {
			isa = PBXGroup;
			children = (
				0DB3539915854F2100857A92 /* FFMRdioUpdater.h */,
				0DB3539A15854F2100857A92 /* FFMRdioUpdater.m */,
			);
			name = Rdio;
			sourceTree = "<group>";
		};
/* End PBXGroup section */

/* Begin PBXHeadersBuildPhase section */
		0D32B26B1558630D00598A14 /* Headers */ = {
			isa = PBXHeadersBuildPhase;
			buildActionMask = 2147483647;
			files = (
				0D7E2B1415589C3F00C1EA0C /* FFMJson.h in Headers */,
				0D7E2B1815589C3F00C1EA0C /* FFMLastFmJson.h in Headers */,
				0DA9F89315613F1600A110A9 /* ASICacheDelegate.h in Headers */,
				0DA9F89515613F1600A110A9 /* ASIDataCompressor.h in Headers */,
				0DA9F89915613F1600A110A9 /* ASIDataDecompressor.h in Headers */,
				0DA9F89D15613F1600A110A9 /* ASIDownloadCache.h in Headers */,
				0DA9F8A115613F1600A110A9 /* ASIFormDataRequest.h in Headers */,
				0DA9F8A515613F1600A110A9 /* ASIHTTPRequest.h in Headers */,
				0DA9F8A915613F1600A110A9 /* ASIHTTPRequestConfig.h in Headers */,
				0DA9F8AB15613F1600A110A9 /* ASIHTTPRequestDelegate.h in Headers */,
				0DA9F8AD15613F1600A110A9 /* ASIInputStream.h in Headers */,
				0DA9F8B115613F1600A110A9 /* ASINetworkQueue.h in Headers */,
				0DA9F8B515613F1600A110A9 /* ASIProgressDelegate.h in Headers */,
				0DA9F8BF1561417500A110A9 /* FFMLastFMUpdater.h in Headers */,
				0DB3534915853E5400857A92 /* FFMSong.h in Headers */,
				0DB3537815854C5E00857A92 /* FFMSongUpdater.h in Headers */,
				0DB3538215854E9700857A92 /* FFMITunesUpdater.h in Headers */,
				0DB3538815854EBA00857A92 /* FFMSpotifyUpdater.h in Headers */,
				0DB3538F15854ED300857A92 /* FFMMogUpdater.h in Headers */,
				0DB3539515854EED00857A92 /* FFMLastFmAppUpdater.h in Headers */,
				0DB3539B15854F2100857A92 /* FFMRdioUpdater.h in Headers */,
				0D8E1BDE1588560F0033C6DE /* iTunes.h in Headers */,
				0D8E1BE01588560F0033C6DE /* Last.fm.h in Headers */,
				0D8E1BE21588560F0033C6DE /* Mog.h in Headers */,
				0D8E1BE41588560F0033C6DE /* Rdio.h in Headers */,
				0D8E1BE61588560F0033C6DE /* Spotify.h in Headers */,
				0DF5156315A4AD12005F7BC4 /* FFMLocalSongUpdater.h in Headers */,
				0D5907ED15C6D722008B4D29 /* FFMRadiumUpdater.h in Headers */,
				0D5907F215C6D86F008B4D29 /* Radium.h in Headers */,
			);
			runOnlyForDeploymentPostprocessing = 0;
		};
		0D7E2B1E15589D4100C1EA0C /* Headers */ = {
			isa = PBXHeadersBuildPhase;
			buildActionMask = 2147483647;
			files = (
				0D7E2B3015589D6D00C1EA0C /* FFMJson.h in Headers */,
				0D7E2B3215589D6D00C1EA0C /* FFMLastFmJson.h in Headers */,
				0DA9F89415613F1600A110A9 /* ASICacheDelegate.h in Headers */,
				0DA9F89615613F1600A110A9 /* ASIDataCompressor.h in Headers */,
				0DA9F89A15613F1600A110A9 /* ASIDataDecompressor.h in Headers */,
				0DA9F89E15613F1600A110A9 /* ASIDownloadCache.h in Headers */,
				0DA9F8A215613F1600A110A9 /* ASIFormDataRequest.h in Headers */,
				0DA9F8A615613F1600A110A9 /* ASIHTTPRequest.h in Headers */,
				0DA9F8AA15613F1600A110A9 /* ASIHTTPRequestConfig.h in Headers */,
				0DA9F8AC15613F1600A110A9 /* ASIHTTPRequestDelegate.h in Headers */,
				0DA9F8AE15613F1600A110A9 /* ASIInputStream.h in Headers */,
				0DA9F8B215613F1600A110A9 /* ASINetworkQueue.h in Headers */,
				0DA9F8B615613F1600A110A9 /* ASIProgressDelegate.h in Headers */,
				0DA9F8C01561417500A110A9 /* FFMLastFMUpdater.h in Headers */,
				0DB3534A15853E5400857A92 /* FFMSong.h in Headers */,
				0DB3537915854C5E00857A92 /* FFMSongUpdater.h in Headers */,
				0DB3538315854E9700857A92 /* FFMITunesUpdater.h in Headers */,
				0DB3538915854EBA00857A92 /* FFMSpotifyUpdater.h in Headers */,
				0DB3539015854ED300857A92 /* FFMMogUpdater.h in Headers */,
				0DB3539615854EED00857A92 /* FFMLastFmAppUpdater.h in Headers */,
				0DB3539C15854F2100857A92 /* FFMRdioUpdater.h in Headers */,
				0D8E1BDF1588560F0033C6DE /* iTunes.h in Headers */,
				0D8E1BE11588560F0033C6DE /* Last.fm.h in Headers */,
				0D8E1BE31588560F0033C6DE /* Mog.h in Headers */,
				0D8E1BE51588560F0033C6DE /* Rdio.h in Headers */,
				0D8E1BE71588560F0033C6DE /* Spotify.h in Headers */,
				0DF5156415A4AD12005F7BC4 /* FFMLocalSongUpdater.h in Headers */,
			);
			runOnlyForDeploymentPostprocessing = 0;
		};
/* End PBXHeadersBuildPhase section */

/* Begin PBXNativeTarget section */
		0D32B26D1558630D00598A14 /* FringeFM */ = {
			isa = PBXNativeTarget;
			buildConfigurationList = 0D32B2831558630D00598A14 /* Build configuration list for PBXNativeTarget "FringeFM" */;
			buildPhases = (
				0D32B2691558630D00598A14 /* Sources */,
				0D32B26A1558630D00598A14 /* Frameworks */,
				0D32B26B1558630D00598A14 /* Headers */,
				0D32B26C1558630D00598A14 /* Resources */,
			);
			buildRules = (
			);
			dependencies = (
			);
			name = FringeFM;
			productName = FringeFM;
			productReference = 0D32B26E1558630D00598A14 /* FringeFM.framework */;
			productType = "com.apple.product-type.framework";
		};
		0D7E2B2015589D4100C1EA0C /* Specs */ = {
			isa = PBXNativeTarget;
			buildConfigurationList = 0D7E2B2D15589D4100C1EA0C /* Build configuration list for PBXNativeTarget "Specs" */;
			buildPhases = (
				0D7E2B1C15589D4100C1EA0C /* Sources */,
				0D7E2B1D15589D4100C1EA0C /* Frameworks */,
				0D7E2B1E15589D4100C1EA0C /* Headers */,
				0D7E2B1F15589D4100C1EA0C /* Resources */,
			);
			buildRules = (
			);
			dependencies = (
			);
			name = Specs;
			productName = Specs;
			productReference = 0D7E2B2115589D4100C1EA0C /* Specs.framework */;
			productType = "com.apple.product-type.framework";
		};
/* End PBXNativeTarget section */

/* Begin PBXProject section */
		0D32B2641558630B00598A14 /* Project object */ = {
			isa = PBXProject;
			attributes = {
				CLASSPREFIX = FFM;
				LastUpgradeCheck = 0430;
				ORGANIZATIONNAME = "John Sheets";
			};
			buildConfigurationList = 0D32B2671558630B00598A14 /* Build configuration list for PBXProject "FringeFM" */;
			compatibilityVersion = "Xcode 3.2";
			developmentRegion = English;
			hasScannedForEncodings = 0;
			knownRegions = (
				en,
			);
			mainGroup = 0D32B2621558630A00598A14;
			productRefGroup = 0D32B26F1558630D00598A14 /* Products */;
			projectDirPath = "";
			projectRoot = "";
			targets = (
				0D32B26D1558630D00598A14 /* FringeFM */,
				0D7E2B2015589D4100C1EA0C /* Specs */,
			);
		};
/* End PBXProject section */

/* Begin PBXResourcesBuildPhase section */
		0D32B26C1558630D00598A14 /* Resources */ = {
			isa = PBXResourcesBuildPhase;
			buildActionMask = 2147483647;
			files = (
				0D32B27C1558630D00598A14 /* InfoPlist.strings in Resources */,
			);
			runOnlyForDeploymentPostprocessing = 0;
		};
		0D7E2B1F15589D4100C1EA0C /* Resources */ = {
			isa = PBXResourcesBuildPhase;
			buildActionMask = 2147483647;
			files = (
				0D7E2B2815589D4100C1EA0C /* InfoPlist.strings in Resources */,
			);
			runOnlyForDeploymentPostprocessing = 0;
		};
/* End PBXResourcesBuildPhase section */

/* Begin PBXSourcesBuildPhase section */
		0D32B2691558630D00598A14 /* Sources */ = {
			isa = PBXSourcesBuildPhase;
			buildActionMask = 2147483647;
			files = (
				0D7E2B1615589C3F00C1EA0C /* FFMJson.m in Sources */,
				0D7E2B1A15589C3F00C1EA0C /* FFMLastFmJson.m in Sources */,
				0DA9F89715613F1600A110A9 /* ASIDataCompressor.m in Sources */,
				0DA9F89B15613F1600A110A9 /* ASIDataDecompressor.m in Sources */,
				0DA9F89F15613F1600A110A9 /* ASIDownloadCache.m in Sources */,
				0DA9F8A315613F1600A110A9 /* ASIFormDataRequest.m in Sources */,
				0DA9F8A715613F1600A110A9 /* ASIHTTPRequest.m in Sources */,
				0DA9F8AF15613F1600A110A9 /* ASIInputStream.m in Sources */,
				0DA9F8B315613F1600A110A9 /* ASINetworkQueue.m in Sources */,
				0DA9F8C11561417500A110A9 /* FFMLastFMUpdater.m in Sources */,
				0DB3534B15853E5400857A92 /* FFMSong.m in Sources */,
				0DB3537A15854C5E00857A92 /* FFMSongUpdater.m in Sources */,
				0DF5156515A4AD12005F7BC4 /* FFMLocalSongUpdater.m in Sources */,
				0DB3538415854E9700857A92 /* FFMITunesUpdater.m in Sources */,
				0DB3538A15854EBA00857A92 /* FFMSpotifyUpdater.m in Sources */,
				0DB3539115854ED300857A92 /* FFMMogUpdater.m in Sources */,
				0DB3539715854EED00857A92 /* FFMLastFmAppUpdater.m in Sources */,
				0DB3539D15854F2100857A92 /* FFMRdioUpdater.m in Sources */,
				0D5907EE15C6D722008B4D29 /* FFMRadiumUpdater.m in Sources */,
			);
			runOnlyForDeploymentPostprocessing = 0;
		};
		0D7E2B1C15589D4100C1EA0C /* Sources */ = {
			isa = PBXSourcesBuildPhase;
			buildActionMask = 2147483647;
			files = (
				0D7E2B3115589D6D00C1EA0C /* FFMJson.m in Sources */,
				0D7E2B3315589D6D00C1EA0C /* FFMLastFmJson.m in Sources */,
				0DA9F89815613F1600A110A9 /* ASIDataCompressor.m in Sources */,
				0DA9F89C15613F1600A110A9 /* ASIDataDecompressor.m in Sources */,
				0DA9F8A015613F1600A110A9 /* ASIDownloadCache.m in Sources */,
				0DA9F8A415613F1600A110A9 /* ASIFormDataRequest.m in Sources */,
				0DA9F8A815613F1600A110A9 /* ASIHTTPRequest.m in Sources */,
				0DA9F8B015613F1600A110A9 /* ASIInputStream.m in Sources */,
				0DA9F8B415613F1600A110A9 /* ASINetworkQueue.m in Sources */,
				0DA9F8C21561417500A110A9 /* FFMLastFMUpdater.m in Sources */,
				0DB3534C15853E5400857A92 /* FFMSong.m in Sources */,
				0DB3537B15854C5E00857A92 /* FFMSongUpdater.m in Sources */,
				0DB3538515854E9700857A92 /* FFMITunesUpdater.m in Sources */,
				0DB3538B15854EBA00857A92 /* FFMSpotifyUpdater.m in Sources */,
				0DB3539215854ED300857A92 /* FFMMogUpdater.m in Sources */,
				0DB3539815854EED00857A92 /* FFMLastFmAppUpdater.m in Sources */,
				0DB3539E15854F2100857A92 /* FFMRdioUpdater.m in Sources */,
				0DF5156615A4AD12005F7BC4 /* FFMLocalSongUpdater.m in Sources */,
			);
			runOnlyForDeploymentPostprocessing = 0;
		};
/* End PBXSourcesBuildPhase section */

/* Begin PBXVariantGroup section */
		0D32B27A1558630D00598A14 /* InfoPlist.strings */ = {
			isa = PBXVariantGroup;
			children = (
				0D32B27B1558630D00598A14 /* en */,
			);
			name = InfoPlist.strings;
			sourceTree = "<group>";
		};
		0D7E2B2615589D4100C1EA0C /* InfoPlist.strings */ = {
			isa = PBXVariantGroup;
			children = (
				0D7E2B2715589D4100C1EA0C /* en */,
			);
			name = InfoPlist.strings;
			sourceTree = "<group>";
		};
/* End PBXVariantGroup section */

/* Begin XCBuildConfiguration section */
		0D32B2811558630D00598A14 /* Debug */ = {
			isa = XCBuildConfiguration;
			buildSettings = {
				ALWAYS_SEARCH_USER_PATHS = NO;
				ARCHS = "$(ARCHS_STANDARD_64_BIT)";
				CLANG_ENABLE_OBJC_ARC = YES;
				COPY_PHASE_STRIP = NO;
				GCC_C_LANGUAGE_STANDARD = gnu99;
				GCC_DYNAMIC_NO_PIC = NO;
				GCC_ENABLE_OBJC_EXCEPTIONS = YES;
				GCC_OPTIMIZATION_LEVEL = 0;
				GCC_PREPROCESSOR_DEFINITIONS = (
					"DEBUG=1",
					"$(inherited)",
				);
				GCC_SYMBOLS_PRIVATE_EXTERN = NO;
				GCC_VERSION = com.apple.compilers.llvm.clang.1_0;
				GCC_WARN_64_TO_32_BIT_CONVERSION = YES;
				GCC_WARN_ABOUT_RETURN_TYPE = YES;
				GCC_WARN_UNINITIALIZED_AUTOS = YES;
				GCC_WARN_UNUSED_VARIABLE = YES;
				MACOSX_DEPLOYMENT_TARGET = 10.7;
				ONLY_ACTIVE_ARCH = YES;
				SDKROOT = macosx;
			};
			name = Debug;
		};
		0D32B2821558630D00598A14 /* Release */ = {
			isa = XCBuildConfiguration;
			buildSettings = {
				ALWAYS_SEARCH_USER_PATHS = NO;
				ARCHS = "$(ARCHS_STANDARD_64_BIT)";
				CLANG_ENABLE_OBJC_ARC = YES;
				COPY_PHASE_STRIP = YES;
				DEBUG_INFORMATION_FORMAT = "dwarf-with-dsym";
				GCC_C_LANGUAGE_STANDARD = gnu99;
				GCC_ENABLE_OBJC_EXCEPTIONS = YES;
				GCC_VERSION = com.apple.compilers.llvm.clang.1_0;
				GCC_WARN_64_TO_32_BIT_CONVERSION = YES;
				GCC_WARN_ABOUT_RETURN_TYPE = YES;
				GCC_WARN_UNINITIALIZED_AUTOS = YES;
				GCC_WARN_UNUSED_VARIABLE = YES;
				MACOSX_DEPLOYMENT_TARGET = 10.7;
				SDKROOT = macosx;
			};
			name = Release;
		};
		0D32B2841558630D00598A14 /* Debug */ = {
			isa = XCBuildConfiguration;
			buildSettings = {
				DYLIB_COMPATIBILITY_VERSION = 1;
				DYLIB_CURRENT_VERSION = 1;
				FRAMEWORK_VERSION = A;
				GCC_PRECOMPILE_PREFIX_HEADER = YES;
				GCC_PREFIX_HEADER = "FringeFM/FringeFM-Prefix.pch";
				INFOPLIST_FILE = "FringeFM/FringeFM-Info.plist";
				PRODUCT_NAME = "$(TARGET_NAME)";
				RUN_CLANG_STATIC_ANALYZER = YES;
				WRAPPER_EXTENSION = framework;
			};
			name = Debug;
		};
		0D32B2851558630D00598A14 /* Release */ = {
			isa = XCBuildConfiguration;
			buildSettings = {
				DYLIB_COMPATIBILITY_VERSION = 1;
				DYLIB_CURRENT_VERSION = 1;
				FRAMEWORK_VERSION = A;
				GCC_PRECOMPILE_PREFIX_HEADER = YES;
				GCC_PREFIX_HEADER = "FringeFM/FringeFM-Prefix.pch";
				INFOPLIST_FILE = "FringeFM/FringeFM-Info.plist";
				PRODUCT_NAME = "$(TARGET_NAME)";
				WRAPPER_EXTENSION = framework;
			};
			name = Release;
		};
		0D7E2B2E15589D4100C1EA0C /* Debug */ = {
			isa = XCBuildConfiguration;
			buildSettings = {
				DYLIB_COMPATIBILITY_VERSION = 1;
				DYLIB_CURRENT_VERSION = 1;
				FRAMEWORK_VERSION = A;
				GCC_PRECOMPILE_PREFIX_HEADER = YES;
				GCC_PREFIX_HEADER = "Specs/Specs-Prefix.pch";
				INFOPLIST_FILE = "Specs/Specs-Info.plist";
				PRODUCT_NAME = "$(TARGET_NAME)";
				RUN_CLANG_STATIC_ANALYZER = YES;
				WRAPPER_EXTENSION = framework;
			};
			name = Debug;
		};
		0D7E2B2F15589D4100C1EA0C /* Release */ = {
			isa = XCBuildConfiguration;
			buildSettings = {
				DYLIB_COMPATIBILITY_VERSION = 1;
				DYLIB_CURRENT_VERSION = 1;
				FRAMEWORK_VERSION = A;
				GCC_PRECOMPILE_PREFIX_HEADER = YES;
				GCC_PREFIX_HEADER = "Specs/Specs-Prefix.pch";
				INFOPLIST_FILE = "Specs/Specs-Info.plist";
				PRODUCT_NAME = "$(TARGET_NAME)";
				RUN_CLANG_STATIC_ANALYZER = YES;
				WRAPPER_EXTENSION = framework;
			};
			name = Release;
		};
/* End XCBuildConfiguration section */

/* Begin XCConfigurationList section */
		0D32B2671558630B00598A14 /* Build configuration list for PBXProject "FringeFM" */ = {
			isa = XCConfigurationList;
			buildConfigurations = (
				0D32B2811558630D00598A14 /* Debug */,
				0D32B2821558630D00598A14 /* Release */,
			);
			defaultConfigurationIsVisible = 0;
			defaultConfigurationName = Release;
		};
		0D32B2831558630D00598A14 /* Build configuration list for PBXNativeTarget "FringeFM" */ = {
			isa = XCConfigurationList;
			buildConfigurations = (
				0D32B2841558630D00598A14 /* Debug */,
				0D32B2851558630D00598A14 /* Release */,
			);
			defaultConfigurationIsVisible = 0;
			defaultConfigurationName = Release;
		};
		0D7E2B2D15589D4100C1EA0C /* Build configuration list for PBXNativeTarget "Specs" */ = {
			isa = XCConfigurationList;
			buildConfigurations = (
				0D7E2B2E15589D4100C1EA0C /* Debug */,
				0D7E2B2F15589D4100C1EA0C /* Release */,
			);
			defaultConfigurationIsVisible = 0;
			defaultConfigurationName = Release;
		};
/* End XCConfigurationList section */
	};
	rootObject = 0D32B2641558630B00598A14 /* Project object */;
}
